
Microsoft Visual Studio Solution File, Format Version 12.00
# Visual Studio 14
VisualStudioVersion = 14.0.24720.0
MinimumVisualStudioVersion = 10.0.40219.1
Project("{FAE04EC0-301F-11D3-BF4B-00C04F79EFBC}") = "AmbientSpeech", "AmbientSpeech\AmbientSpeech.csproj", "{7C6D1C5A-3AA4-4A7D-8BBD-9B027807D044}"
EndProject
Project("{2150E333-8FDC-42A3-9474-1A3956D46DE8}") = "Images", "Images", "{0010376B-FE5E-4EF3-9F7D-34B1D775B6A2}"
	ProjectSection(SolutionItems) = preProject
		Images\micoff.png = Images\micoff.png
		Images\micon.png = Images\micon.png
	EndProjectSection
EndProject
Global
	GlobalSection(SolutionConfigurationPlatforms) = preSolution
		Debug|Any CPU = Debug|Any CPU
		Release|Any CPU = Release|Any CPU
	EndGlobalSection
	GlobalSection(ProjectConfigurationPlatforms) = postSolution
		{7C6D1C5A-3AA4-4A7D-8BBD-9B027807D044}.Debug|Any CPU.ActiveCfg = Debug|Any CPU
		{7C6D1C5A-3AA4-4A7D-8BBD-9B027807D044}.Debug|Any CPU.Build.0 = Debug|Any CPU
		{7C6D1C5A-3AA4-4A7D-8BBD-9B027807D044}.Release|Any CPU.ActiveCfg = Release|Any CPU
		{7C6D1C5A-3AA4-4A7D-8BBD-9B027807D044}.Release|Any CPU.Build.0 = Release|Any CPU
	EndGlobalSection
	GlobalSection(SolutionProperties) = preSolution
		HideSolutionNode = FALSE
	EndGlobalSection
EndGlobal
